
Microsoft Visual Studio Solution File, Format Version 12.00
# Visual Studio Version 17
VisualStudioVersion = 17.5.33516.290
MinimumVisualStudioVersion = 10.0.40219.1
Project("{FAE04EC0-301F-11D3-BF4B-00C04F79EFBC}") = "OuterSorts", "OuterSorts.csproj", "{561FA4C3-6DE0-4112-83C5-2A4E6C6EC429}"
EndProject
Global
	GlobalSection(SolutionConfigurationPlatforms) = preSolution
		Debug|Any CPU = Debug|Any CPU
		Release|Any CPU = Release|Any CPU
	EndGlobalSection
	GlobalSection(ProjectConfigurationPlatforms) = postSolution
		{561FA4C3-6DE0-4112-83C5-2A4E6C6EC429}.Debug|Any CPU.ActiveCfg = Debug|Any CPU
		{561FA4C3-6DE0-4112-83C5-2A4E6C6EC429}.Debug|Any CPU.Build.0 = Debug|Any CPU
		{561FA4C3-6DE0-4112-83C5-2A4E6C6EC429}.Release|Any CPU.ActiveCfg = Release|Any CPU
		{561FA4C3-6DE0-4112-83C5-2A4E6C6EC429}.Release|Any CPU.Build.0 = Release|Any CPU
	EndGlobalSection
	GlobalSection(SolutionProperties) = preSolution
		HideSolutionNode = FALSE
	EndGlobalSection
	GlobalSection(ExtensibilityGlobals) = postSolution
		SolutionGuid = {BDE0EDD9-DC7E-449E-B685-9F7F6FDEFB0C}
	EndGlobalSection
EndGlobal
